
Microsoft Visual Studio Solution File, Format Version 12.00
Project("{FAE04EC0-301F-11D3-BF4B-00C04F79EFBC}") = "TechnologyPracticeTest", "TechnologyPracticeTest\TechnologyPracticeTest.csproj", "{5C5F1029-DADD-45A2-831C-6CEA6096FDF3}"
EndProject
Project("{FAE04EC0-301F-11D3-BF4B-00C04F79EFBC}") = "TechnologyPracticeTestWeb", "TechnologyPracticeTestWeb\TechnologyPracticeTestWeb.csproj", "{3F9772A8-0B6C-433B-903A-495BA1BB37FD}"
EndProject
Project("{FAE04EC0-301F-11D3-BF4B-00C04F79EFBC}") = "TechnologyPracticeUnitTests", "TechnologyPracticeUnitTests\TechnologyPracticeUnitTests.csproj", "{FE906536-89FF-49F3-B9DD-3C6A7EF88DAC}"
EndProject
Global
	GlobalSection(SolutionConfigurationPlatforms) = preSolution
		Debug|Any CPU = Debug|Any CPU
		Release|Any CPU = Release|Any CPU
	EndGlobalSection
	GlobalSection(ProjectConfigurationPlatforms) = postSolution
		{5C5F1029-DADD-45A2-831C-6CEA6096FDF3}.Debug|Any CPU.ActiveCfg = Debug|Any CPU
		{5C5F1029-DADD-45A2-831C-6CEA6096FDF3}.Debug|Any CPU.Build.0 = Debug|Any CPU
		{5C5F1029-DADD-45A2-831C-6CEA6096FDF3}.Release|Any CPU.ActiveCfg = Release|Any CPU
		{5C5F1029-DADD-45A2-831C-6CEA6096FDF3}.Release|Any CPU.Build.0 = Release|Any CPU
		{3F9772A8-0B6C-433B-903A-495BA1BB37FD}.Debug|Any CPU.ActiveCfg = Debug|Any CPU
		{3F9772A8-0B6C-433B-903A-495BA1BB37FD}.Debug|Any CPU.Build.0 = Debug|Any CPU
		{3F9772A8-0B6C-433B-903A-495BA1BB37FD}.Release|Any CPU.ActiveCfg = Release|Any CPU
		{3F9772A8-0B6C-433B-903A-495BA1BB37FD}.Release|Any CPU.Build.0 = Release|Any CPU
		{FE906536-89FF-49F3-B9DD-3C6A7EF88DAC}.Debug|Any CPU.ActiveCfg = Debug|Any CPU
		{FE906536-89FF-49F3-B9DD-3C6A7EF88DAC}.Debug|Any CPU.Build.0 = Debug|Any CPU
		{FE906536-89FF-49F3-B9DD-3C6A7EF88DAC}.Release|Any CPU.ActiveCfg = Release|Any CPU
		{FE906536-89FF-49F3-B9DD-3C6A7EF88DAC}.Release|Any CPU.Build.0 = Release|Any CPU
	EndGlobalSection
EndGlobal
